{
  "requires": true,
  "lockfileVersion": 1,
  "dependencies": {
    "weibo-post": {
      "version": "1.0.1",
      "resolved": "https://registry.npmjs.org/weibo-post/-/weibo-post-1.0.1.tgz",
      "integrity": "sha512-VfHOubB8nHRERwDeub6aLqWZLMd+lv1IoYu4Z3BeJ2GSqmFvYH6BSPBpdmejglYpIql8vanszHHeN+5UIhjmmA==",
      "dev": true
    }
  }
}
